
Microsoft Visual Studio Solution File, Format Version 12.00
# Visual Studio Version 16
VisualStudioVersion = 16.0.30907.101
MinimumVisualStudioVersion = 10.0.40219.1
Project("{FAE04EC0-301F-11D3-BF4B-00C04F79EFBC}") = "Lesson_6", "Lesson_6.csproj", "{3C35DB6F-2D0A-4586-9B61-07D452FFA65F}"
EndProject
Global
	GlobalSection(SolutionConfigurationPlatforms) = preSolution
		Debug|Any CPU = Debug|Any CPU
		Release|Any CPU = Release|Any CPU
	EndGlobalSection
	GlobalSection(ProjectConfigurationPlatforms) = postSolution
		{3C35DB6F-2D0A-4586-9B61-07D452FFA65F}.Debug|Any CPU.ActiveCfg = Debug|Any CPU
		{3C35DB6F-2D0A-4586-9B61-07D452FFA65F}.Debug|Any CPU.Build.0 = Debug|Any CPU
		{3C35DB6F-2D0A-4586-9B61-07D452FFA65F}.Release|Any CPU.ActiveCfg = Release|Any CPU
		{3C35DB6F-2D0A-4586-9B61-07D452FFA65F}.Release|Any CPU.Build.0 = Release|Any CPU
	EndGlobalSection
	GlobalSection(SolutionProperties) = preSolution
		HideSolutionNode = FALSE
	EndGlobalSection
	GlobalSection(ExtensibilityGlobals) = postSolution
		SolutionGuid = {1B38E08F-A13B-465A-AEAD-AF3D60DE8064}
	EndGlobalSection
EndGlobal
